
Microsoft Visual Studio Solution File, Format Version 11.00
# Visual Studio 2010
Project("{2150E333-8FDC-42A3-9474-1A3956D46DE8}") = "Source", "Source", "{011B742D-B6FA-4E80-8705-11A0088D3091}"
EndProject
Project("{2150E333-8FDC-42A3-9474-1A3956D46DE8}") = "Testing", "Testing", "{60AB7D29-9210-42DA-8B8B-C744E6802A45}"
EndProject
Project("{FAE04EC0-301F-11D3-BF4B-00C04F79EFBC}") = "Controls.Testing.Common", "Controls.Testing.Common\Controls.Testing.Common.csproj", "{03598AF4-B0EE-4115-B425-2C0D8FBCAD78}"
EndProject
Project("{FAE04EC0-301F-11D3-BF4B-00C04F79EFBC}") = "Controls.DataVisualization.Toolkit", "Controls.DataVisualization.Toolkit\Controls.DataVisualization.Toolkit.csproj", "{C203F873-5EC5-4233-A6BE-094F39DBB211}"
EndProject
Project("{FAE04EC0-301F-11D3-BF4B-00C04F79EFBC}") = "Controls.Testing.DataVisualization.Toolkit", "Controls.Testing.DataVisualization.Toolkit\Controls.Testing.DataVisualization.Toolkit.csproj", "{DCB9FB07-B604-4E50-9339-9837E911D516}"
EndProject
Project("{FAE04EC0-301F-11D3-BF4B-00C04F79EFBC}") = "Controls.Theming.Toolkit", "Controls.Theming.Toolkit\Controls.Theming.Toolkit.csproj", "{94D59978-57A5-4EF9-8659-D33DD73A50C7}"
EndProject
Project("{FAE04EC0-301F-11D3-BF4B-00C04F79EFBC}") = "Controls.Testing.Theming", "Controls.Testing.Theming\Controls.Testing.Theming.csproj", "{910D6F62-BB80-468B-B03B-9CBEA17339B0}"
EndProject
Project("{2150E333-8FDC-42A3-9474-1A3956D46DE8}") = "Themes", "Themes", "{E1D45347-1E27-4E85-BA4A-DC7EBCC27B4C}"
EndProject
Project("{FAE04EC0-301F-11D3-BF4B-00C04F79EFBC}") = "Controls.Theming.ExpressionDark", "Controls.Theming.ExpressionDark\Controls.Theming.ExpressionDark.csproj", "{DC36AA69-4FDF-415B-8553-B42EBF5F14A7}"
EndProject
Project("{FAE04EC0-301F-11D3-BF4B-00C04F79EFBC}") = "Controls.Theming.RainierPurple", "Controls.Theming.RainierPurple\Controls.Theming.RainierPurple.csproj", "{576C7F93-A882-47C4-8B5D-8015259486AC}"
EndProject
Project("{FAE04EC0-301F-11D3-BF4B-00C04F79EFBC}") = "Controls.Theming.RainierOrange", "Controls.Theming.RainierOrange\Controls.Theming.RainierOrange.csproj", "{0683CA05-66A2-46ED-834F-66141AFB83C3}"
EndProject
Project("{FAE04EC0-301F-11D3-BF4B-00C04F79EFBC}") = "Controls.Theming.ShinyBlue", "Controls.Theming.ShinyBlue\Controls.Theming.ShinyBlue.csproj", "{A90C0515-E766-4F2D-A071-B86BF76AE9A8}"
EndProject
Project("{FAE04EC0-301F-11D3-BF4B-00C04F79EFBC}") = "Controls.Theming.ShinyRed", "Controls.Theming.ShinyRed\Controls.Theming.ShinyRed.csproj", "{1FFF2237-0F8E-4C3A-AF25-F5664955994C}"
EndProject
Project("{FAE04EC0-301F-11D3-BF4B-00C04F79EFBC}") = "Controls.Theming.ExpressionLight", "Controls.Theming.ExpressionLight\Controls.Theming.ExpressionLight.csproj", "{A38BD572-F352-4F16-BD9C-36C4C3882EAB}"
EndProject
Project("{FAE04EC0-301F-11D3-BF4B-00C04F79EFBC}") = "Controls.Theming.BureauBlue", "Controls.Theming.BureauBlue\Controls.Theming.BureauBlue.csproj", "{944D15B5-2A5B-4D7C-8F74-C6BD79DD51C1}"
EndProject
Project("{FAE04EC0-301F-11D3-BF4B-00C04F79EFBC}") = "Controls.Theming.BureauBlack", "Controls.Theming.BureauBlack\Controls.Theming.BureauBlack.csproj", "{23E3F3E1-BE23-4DDD-8ADF-7FB9C5B6E7A3}"
EndProject
Project("{FAE04EC0-301F-11D3-BF4B-00C04F79EFBC}") = "Controls.Theming.WhistlerBlue", "Controls.Theming.WhistlerBlue\Controls.Theming.WhistlerBlue.csproj", "{CF9D85F8-380A-4C09-A723-CAE7B422254D}"
EndProject
Project("{FAE04EC0-301F-11D3-BF4B-00C04F79EFBC}") = "Controls.Input.Toolkit", "Controls.Input.Toolkit\Controls.Input.Toolkit.csproj", "{F54EF3ED-CDA7-4262-BC7C-9EE709F61244}"
EndProject
Project("{FAE04EC0-301F-11D3-BF4B-00C04F79EFBC}") = "Controls.Layout.Toolkit", "Controls.Layout.Toolkit\Controls.Layout.Toolkit.csproj", "{B30F74B9-9B41-4E5D-B764-F30275B7BBC5}"
EndProject
Project("{FAE04EC0-301F-11D3-BF4B-00C04F79EFBC}") = "Controls.Toolkit", "Controls.Toolkit\Controls.Toolkit.csproj", "{1CDB9A12-B7CA-471A-BA35-8198F2FE4A51}"
EndProject
Project("{FAE04EC0-301F-11D3-BF4B-00C04F79EFBC}") = "Controls.Theming.TwilightBlue", "Controls.Theming.TwilightBlue\Controls.Theming.TwilightBlue.csproj", "{280D169D-4F5D-45AC-BD72-D3AC7B05927A}"
EndProject
Project("{FAE04EC0-301F-11D3-BF4B-00C04F79EFBC}") = "Controls.Theming.BubbleCreme", "Controls.Theming.BubbleCreme\Controls.Theming.BubbleCreme.csproj", "{6E874AD7-BD3A-4E75-BEF5-7BF101AAF494}"
EndProject
Project("{FAE04EC0-301F-11D3-BF4B-00C04F79EFBC}") = "Controls.Testing.Toolkit", "Controls.Testing.Toolkit\Controls.Testing.Toolkit.csproj", "{8A43A59C-A96A-482B-BCD1-6319DAC2D650}"
EndProject
Project("{FAE04EC0-301F-11D3-BF4B-00C04F79EFBC}") = "Controls.Data.Toolkit", "Controls.Data.Toolkit\Controls.Data.Toolkit.csproj", "{57617058-8344-4C13-9BE4-DB587F5BC38F}"
EndProject
Project("{FAE04EC0-301F-11D3-BF4B-00C04F79EFBC}") = "Controls.Theming.SystemColors", "Controls.Theming.SystemColors\Controls.Theming.SystemColors.csproj", "{66205074-576D-4B5A-8DC7-4FC6812C5AFE}"
EndProject
Global
	GlobalSection(SolutionConfigurationPlatforms) = preSolution
		Debug|Any CPU = Debug|Any CPU
		Release|Any CPU = Release|Any CPU
	EndGlobalSection
	GlobalSection(ProjectConfigurationPlatforms) = postSolution
		{03598AF4-B0EE-4115-B425-2C0D8FBCAD78}.Debug|Any CPU.ActiveCfg = Debug|Any CPU
		{03598AF4-B0EE-4115-B425-2C0D8FBCAD78}.Debug|Any CPU.Build.0 = Debug|Any CPU
		{03598AF4-B0EE-4115-B425-2C0D8FBCAD78}.Release|Any CPU.ActiveCfg = Release|Any CPU
		{03598AF4-B0EE-4115-B425-2C0D8FBCAD78}.Release|Any CPU.Build.0 = Release|Any CPU
		{C203F873-5EC5-4233-A6BE-094F39DBB211}.Debug|Any CPU.ActiveCfg = Debug|Any CPU
		{C203F873-5EC5-4233-A6BE-094F39DBB211}.Debug|Any CPU.Build.0 = Debug|Any CPU
		{C203F873-5EC5-4233-A6BE-094F39DBB211}.Release|Any CPU.ActiveCfg = Release|Any CPU
		{C203F873-5EC5-4233-A6BE-094F39DBB211}.Release|Any CPU.Build.0 = Release|Any CPU
		{DCB9FB07-B604-4E50-9339-9837E911D516}.Debug|Any CPU.ActiveCfg = Debug|Any CPU
		{DCB9FB07-B604-4E50-9339-9837E911D516}.Debug|Any CPU.Build.0 = Debug|Any CPU
		{DCB9FB07-B604-4E50-9339-9837E911D516}.Release|Any CPU.ActiveCfg = Release|Any CPU
		{DCB9FB07-B604-4E50-9339-9837E911D516}.Release|Any CPU.Build.0 = Release|Any CPU
		{94D59978-57A5-4EF9-8659-D33DD73A50C7}.Debug|Any CPU.ActiveCfg = Debug|Any CPU
		{94D59978-57A5-4EF9-8659-D33DD73A50C7}.Debug|Any CPU.Build.0 = Debug|Any CPU
		{94D59978-57A5-4EF9-8659-D33DD73A50C7}.Release|Any CPU.ActiveCfg = Release|Any CPU
		{94D59978-57A5-4EF9-8659-D33DD73A50C7}.Release|Any CPU.Build.0 = Release|Any CPU
		{910D6F62-BB80-468B-B03B-9CBEA17339B0}.Debug|Any CPU.ActiveCfg = Debug|Any CPU
		{910D6F62-BB80-468B-B03B-9CBEA17339B0}.Debug|Any CPU.Build.0 = Debug|Any CPU
		{910D6F62-BB80-468B-B03B-9CBEA17339B0}.Release|Any CPU.ActiveCfg = Release|Any CPU
		{910D6F62-BB80-468B-B03B-9CBEA17339B0}.Release|Any CPU.Build.0 = Release|Any CPU
		{DC36AA69-4FDF-415B-8553-B42EBF5F14A7}.Debug|Any CPU.ActiveCfg = Debug|Any CPU
		{DC36AA69-4FDF-415B-8553-B42EBF5F14A7}.Debug|Any CPU.Build.0 = Debug|Any CPU
		{DC36AA69-4FDF-415B-8553-B42EBF5F14A7}.Release|Any CPU.ActiveCfg = Release|Any CPU
		{DC36AA69-4FDF-415B-8553-B42EBF5F14A7}.Release|Any CPU.Build.0 = Release|Any CPU
		{576C7F93-A882-47C4-8B5D-8015259486AC}.Debug|Any CPU.ActiveCfg = Debug|Any CPU
		{576C7F93-A882-47C4-8B5D-8015259486AC}.Debug|Any CPU.Build.0 = Debug|Any CPU
		{576C7F93-A882-47C4-8B5D-8015259486AC}.Release|Any CPU.ActiveCfg = Release|Any CPU
		{576C7F93-A882-47C4-8B5D-8015259486AC}.Release|Any CPU.Build.0 = Release|Any CPU
		{0683CA05-66A2-46ED-834F-66141AFB83C3}.Debug|Any CPU.ActiveCfg = Debug|Any CPU
		{0683CA05-66A2-46ED-834F-66141AFB83C3}.Debug|Any CPU.Build.0 = Debug|Any CPU
		{0683CA05-66A2-46ED-834F-66141AFB83C3}.Release|Any CPU.ActiveCfg = Release|Any CPU
		{0683CA05-66A2-46ED-834F-66141AFB83C3}.Release|Any CPU.Build.0 = Release|Any CPU
		{A90C0515-E766-4F2D-A071-B86BF76AE9A8}.Debug|Any CPU.ActiveCfg = Debug|Any CPU
		{A90C0515-E766-4F2D-A071-B86BF76AE9A8}.Debug|Any CPU.Build.0 = Debug|Any CPU
		{A90C0515-E766-4F2D-A071-B86BF76AE9A8}.Release|Any CPU.ActiveCfg = Release|Any CPU
		{A90C0515-E766-4F2D-A071-B86BF76AE9A8}.Release|Any CPU.Build.0 = Release|Any CPU
		{1FFF2237-0F8E-4C3A-AF25-F5664955994C}.Debug|Any CPU.ActiveCfg = Debug|Any CPU
		{1FFF2237-0F8E-4C3A-AF25-F5664955994C}.Debug|Any CPU.Build.0 = Debug|Any CPU
		{1FFF2237-0F8E-4C3A-AF25-F5664955994C}.Release|Any CPU.ActiveCfg = Release|Any CPU
		{1FFF2237-0F8E-4C3A-AF25-F5664955994C}.Release|Any CPU.Build.0 = Release|Any CPU
		{A38BD572-F352-4F16-BD9C-36C4C3882EAB}.Debug|Any CPU.ActiveCfg = Debug|Any CPU
		{A38BD572-F352-4F16-BD9C-36C4C3882EAB}.Debug|Any CPU.Build.0 = Debug|Any CPU
		{A38BD572-F352-4F16-BD9C-36C4C3882EAB}.Release|Any CPU.ActiveCfg = Release|Any CPU
		{A38BD572-F352-4F16-BD9C-36C4C3882EAB}.Release|Any CPU.Build.0 = Release|Any CPU
		{944D15B5-2A5B-4D7C-8F74-C6BD79DD51C1}.Debug|Any CPU.ActiveCfg = Debug|Any CPU
		{944D15B5-2A5B-4D7C-8F74-C6BD79DD51C1}.Debug|Any CPU.Build.0 = Debug|Any CPU
		{944D15B5-2A5B-4D7C-8F74-C6BD79DD51C1}.Release|Any CPU.ActiveCfg = Release|Any CPU
		{944D15B5-2A5B-4D7C-8F74-C6BD79DD51C1}.Release|Any CPU.Build.0 = Release|Any CPU
		{23E3F3E1-BE23-4DDD-8ADF-7FB9C5B6E7A3}.Debug|Any CPU.ActiveCfg = Debug|Any CPU
		{23E3F3E1-BE23-4DDD-8ADF-7FB9C5B6E7A3}.Debug|Any CPU.Build.0 = Debug|Any CPU
		{23E3F3E1-BE23-4DDD-8ADF-7FB9C5B6E7A3}.Release|Any CPU.ActiveCfg = Release|Any CPU
		{23E3F3E1-BE23-4DDD-8ADF-7FB9C5B6E7A3}.Release|Any CPU.Build.0 = Release|Any CPU
		{CF9D85F8-380A-4C09-A723-CAE7B422254D}.Debug|Any CPU.ActiveCfg = Debug|Any CPU
		{CF9D85F8-380A-4C09-A723-CAE7B422254D}.Debug|Any CPU.Build.0 = Debug|Any CPU
		{CF9D85F8-380A-4C09-A723-CAE7B422254D}.Release|Any CPU.ActiveCfg = Release|Any CPU
		{CF9D85F8-380A-4C09-A723-CAE7B422254D}.Release|Any CPU.Build.0 = Release|Any CPU
		{F54EF3ED-CDA7-4262-BC7C-9EE709F61244}.Debug|Any CPU.ActiveCfg = Debug|Any CPU
		{F54EF3ED-CDA7-4262-BC7C-9EE709F61244}.Debug|Any CPU.Build.0 = Debug|Any CPU
		{F54EF3ED-CDA7-4262-BC7C-9EE709F61244}.Release|Any CPU.ActiveCfg = Release|Any CPU
		{F54EF3ED-CDA7-4262-BC7C-9EE709F61244}.Release|Any CPU.Build.0 = Release|Any CPU
		{B30F74B9-9B41-4E5D-B764-F30275B7BBC5}.Debug|Any CPU.ActiveCfg = Debug|Any CPU
		{B30F74B9-9B41-4E5D-B764-F30275B7BBC5}.Debug|Any CPU.Build.0 = Debug|Any CPU
		{B30F74B9-9B41-4E5D-B764-F30275B7BBC5}.Release|Any CPU.ActiveCfg = Release|Any CPU
		{B30F74B9-9B41-4E5D-B764-F30275B7BBC5}.Release|Any CPU.Build.0 = Release|Any CPU
		{1CDB9A12-B7CA-471A-BA35-8198F2FE4A51}.Debug|Any CPU.ActiveCfg = Debug|Any CPU
		{1CDB9A12-B7CA-471A-BA35-8198F2FE4A51}.Debug|Any CPU.Build.0 = Debug|Any CPU
		{1CDB9A12-B7CA-471A-BA35-8198F2FE4A51}.Release|Any CPU.ActiveCfg = Release|Any CPU
		{1CDB9A12-B7CA-471A-BA35-8198F2FE4A51}.Release|Any CPU.Build.0 = Release|Any CPU
		{280D169D-4F5D-45AC-BD72-D3AC7B05927A}.Debug|Any CPU.ActiveCfg = Debug|Any CPU
		{280D169D-4F5D-45AC-BD72-D3AC7B05927A}.Debug|Any CPU.Build.0 = Debug|Any CPU
		{280D169D-4F5D-45AC-BD72-D3AC7B05927A}.Release|Any CPU.ActiveCfg = Release|Any CPU
		{280D169D-4F5D-45AC-BD72-D3AC7B05927A}.Release|Any CPU.Build.0 = Release|Any CPU
		{6E874AD7-BD3A-4E75-BEF5-7BF101AAF494}.Debug|Any CPU.ActiveCfg = Debug|Any CPU
		{6E874AD7-BD3A-4E75-BEF5-7BF101AAF494}.Debug|Any CPU.Build.0 = Debug|Any CPU
		{6E874AD7-BD3A-4E75-BEF5-7BF101AAF494}.Release|Any CPU.ActiveCfg = Release|Any CPU
		{6E874AD7-BD3A-4E75-BEF5-7BF101AAF494}.Release|Any CPU.Build.0 = Release|Any CPU
		{8A43A59C-A96A-482B-BCD1-6319DAC2D650}.Debug|Any CPU.ActiveCfg = Debug|Any CPU
		{8A43A59C-A96A-482B-BCD1-6319DAC2D650}.Debug|Any CPU.Build.0 = Debug|Any CPU
		{8A43A59C-A96A-482B-BCD1-6319DAC2D650}.Release|Any CPU.ActiveCfg = Release|Any CPU
		{8A43A59C-A96A-482B-BCD1-6319DAC2D650}.Release|Any CPU.Build.0 = Release|Any CPU
		{57617058-8344-4C13-9BE4-DB587F5BC38F}.Debug|Any CPU.ActiveCfg = Debug|Any CPU
		{57617058-8344-4C13-9BE4-DB587F5BC38F}.Debug|Any CPU.Build.0 = Debug|Any CPU
		{57617058-8344-4C13-9BE4-DB587F5BC38F}.Release|Any CPU.ActiveCfg = Release|Any CPU
		{57617058-8344-4C13-9BE4-DB587F5BC38F}.Release|Any CPU.Build.0 = Release|Any CPU
		{66205074-576D-4B5A-8DC7-4FC6812C5AFE}.Debug|Any CPU.ActiveCfg = Debug|Any CPU
		{66205074-576D-4B5A-8DC7-4FC6812C5AFE}.Debug|Any CPU.Build.0 = Debug|Any CPU
		{66205074-576D-4B5A-8DC7-4FC6812C5AFE}.Release|Any CPU.ActiveCfg = Release|Any CPU
		{66205074-576D-4B5A-8DC7-4FC6812C5AFE}.Release|Any CPU.Build.0 = Release|Any CPU
	EndGlobalSection
	GlobalSection(SolutionProperties) = preSolution
		HideSolutionNode = FALSE
	EndGlobalSection
	GlobalSection(NestedProjects) = preSolution
		{C203F873-5EC5-4233-A6BE-094F39DBB211} = {011B742D-B6FA-4E80-8705-11A0088D3091}
		{94D59978-57A5-4EF9-8659-D33DD73A50C7} = {011B742D-B6FA-4E80-8705-11A0088D3091}
		{F54EF3ED-CDA7-4262-BC7C-9EE709F61244} = {011B742D-B6FA-4E80-8705-11A0088D3091}
		{B30F74B9-9B41-4E5D-B764-F30275B7BBC5} = {011B742D-B6FA-4E80-8705-11A0088D3091}
		{1CDB9A12-B7CA-471A-BA35-8198F2FE4A51} = {011B742D-B6FA-4E80-8705-11A0088D3091}
		{57617058-8344-4C13-9BE4-DB587F5BC38F} = {011B742D-B6FA-4E80-8705-11A0088D3091}
		{03598AF4-B0EE-4115-B425-2C0D8FBCAD78} = {60AB7D29-9210-42DA-8B8B-C744E6802A45}
		{DCB9FB07-B604-4E50-9339-9837E911D516} = {60AB7D29-9210-42DA-8B8B-C744E6802A45}
		{910D6F62-BB80-468B-B03B-9CBEA17339B0} = {60AB7D29-9210-42DA-8B8B-C744E6802A45}
		{8A43A59C-A96A-482B-BCD1-6319DAC2D650} = {60AB7D29-9210-42DA-8B8B-C744E6802A45}
		{DC36AA69-4FDF-415B-8553-B42EBF5F14A7} = {E1D45347-1E27-4E85-BA4A-DC7EBCC27B4C}
		{576C7F93-A882-47C4-8B5D-8015259486AC} = {E1D45347-1E27-4E85-BA4A-DC7EBCC27B4C}
		{0683CA05-66A2-46ED-834F-66141AFB83C3} = {E1D45347-1E27-4E85-BA4A-DC7EBCC27B4C}
		{A90C0515-E766-4F2D-A071-B86BF76AE9A8} = {E1D45347-1E27-4E85-BA4A-DC7EBCC27B4C}
		{1FFF2237-0F8E-4C3A-AF25-F5664955994C} = {E1D45347-1E27-4E85-BA4A-DC7EBCC27B4C}
		{A38BD572-F352-4F16-BD9C-36C4C3882EAB} = {E1D45347-1E27-4E85-BA4A-DC7EBCC27B4C}
		{944D15B5-2A5B-4D7C-8F74-C6BD79DD51C1} = {E1D45347-1E27-4E85-BA4A-DC7EBCC27B4C}
		{23E3F3E1-BE23-4DDD-8ADF-7FB9C5B6E7A3} = {E1D45347-1E27-4E85-BA4A-DC7EBCC27B4C}
		{CF9D85F8-380A-4C09-A723-CAE7B422254D} = {E1D45347-1E27-4E85-BA4A-DC7EBCC27B4C}
		{280D169D-4F5D-45AC-BD72-D3AC7B05927A} = {E1D45347-1E27-4E85-BA4A-DC7EBCC27B4C}
		{6E874AD7-BD3A-4E75-BEF5-7BF101AAF494} = {E1D45347-1E27-4E85-BA4A-DC7EBCC27B4C}
		{66205074-576D-4B5A-8DC7-4FC6812C5AFE} = {E1D45347-1E27-4E85-BA4A-DC7EBCC27B4C}
	EndGlobalSection
EndGlobal
