
Microsoft Visual Studio Solution File, Format Version 11.00
# Visual Studio 2010
Project("{2150E333-8FDC-42A3-9474-1A3956D46DE8}") = "Sample", "Sample", "{A27BC2BF-BAF8-4EB7-B8F5-2C8C4EBCCB59}"
EndProject
Project("{FAE04EC0-301F-11D3-BF4B-00C04F79EFBC}") = "UnitTestingTests", "Sample\UnitTestingTests.csproj", "{D71BD19D-FA6B-401B-B960-52EB2854DECB}"
EndProject
Project("{FAE04EC0-301F-11D3-BF4B-00C04F79EFBC}") = "Microsoft.Phone.Toolkit.Testing", "Microsoft.Phone.Toolkit.Testing\Microsoft.Phone.Toolkit.Testing.csproj", "{CA302FEA-4CFF-4F9F-A5BC-3D8C681DD065}"
EndProject
Global
	GlobalSection(TeamFoundationVersionControl) = preSolution
		SccNumberOfProjects = 4
		SccEnterpriseProvider = {4CA58AB2-18FA-4F8D-95D4-32DDF27D184C}
		SccTeamFoundationServer = http://vstfdevdiv:8080/devdiv
		SccLocalPath0 = .
		SccProjectUniqueName1 = ..\\..\\Private\\TestFramework\\VisualStudio\\VisualStudio.csproj
		SccProjectName1 = ../../Private/TestFramework/VisualStudio
		SccLocalPath1 = ..\\..\\Private\\TestFramework\\VisualStudio
		SccProjectUniqueName2 = UnitTesting\\UnitTesting.csproj
		SccProjectName2 = UnitTesting
		SccLocalPath2 = UnitTesting
		SccProjectUniqueName3 = SDK\\UnitTestingTests\\UnitTestingTests.csproj
		SccProjectTopLevelParentUniqueName3 = TestFx.sln
		SccProjectName3 = SDK/UnitTestingTests
		SccLocalPath3 = SDK\\UnitTestingTests
	EndGlobalSection
	GlobalSection(SolutionConfigurationPlatforms) = preSolution
		Debug|Any CPU = Debug|Any CPU
		Release|Any CPU = Release|Any CPU
	EndGlobalSection
	GlobalSection(ProjectConfigurationPlatforms) = postSolution
		{D71BD19D-FA6B-401B-B960-52EB2854DECB}.Debug|Any CPU.ActiveCfg = Debug|Any CPU
		{D71BD19D-FA6B-401B-B960-52EB2854DECB}.Debug|Any CPU.Build.0 = Debug|Any CPU
		{D71BD19D-FA6B-401B-B960-52EB2854DECB}.Debug|Any CPU.Deploy.0 = Debug|Any CPU
		{D71BD19D-FA6B-401B-B960-52EB2854DECB}.Release|Any CPU.ActiveCfg = Release|Any CPU
		{D71BD19D-FA6B-401B-B960-52EB2854DECB}.Release|Any CPU.Build.0 = Release|Any CPU
		{D71BD19D-FA6B-401B-B960-52EB2854DECB}.Release|Any CPU.Deploy.0 = Release|Any CPU
		{CA302FEA-4CFF-4F9F-A5BC-3D8C681DD065}.Debug|Any CPU.ActiveCfg = Debug|Any CPU
		{CA302FEA-4CFF-4F9F-A5BC-3D8C681DD065}.Debug|Any CPU.Build.0 = Debug|Any CPU
		{CA302FEA-4CFF-4F9F-A5BC-3D8C681DD065}.Release|Any CPU.ActiveCfg = Release|Any CPU
		{CA302FEA-4CFF-4F9F-A5BC-3D8C681DD065}.Release|Any CPU.Build.0 = Release|Any CPU
	EndGlobalSection
	GlobalSection(SolutionProperties) = preSolution
		HideSolutionNode = FALSE
	EndGlobalSection
	GlobalSection(NestedProjects) = preSolution
		{D71BD19D-FA6B-401B-B960-52EB2854DECB} = {A27BC2BF-BAF8-4EB7-B8F5-2C8C4EBCCB59}
	EndGlobalSection
EndGlobal
